# generated by rye
# use `rye lock` or `rye sync` to update this lockfile
#
# last locked with the following flags:
#   pre: false
#   features: []
#   all-features: false
#   with-sources: false
#   generate-hashes: false
#   universal: false

-e file:.
certifi==2024.12.14
    # via pipenv
distlib==0.3.9
    # via virtualenv
filelock==3.16.1
    # via virtualenv
packaging==24.2
    # via pipenv
pipenv==2024.4.0
    # via codecrafters-shell-python
platformdirs==4.3.6
    # via virtualenv
setuptools==75.7.0
    # via pipenv
virtualenv==20.28.1
    # via pipenv
